
Microsoft Visual Studio Solution File, Format Version 12.00
# Visual Studio Version 17
VisualStudioVersion = 17.0.31903.59
MinimumVisualStudioVersion = 10.0.40219.1
Project("{2150E333-8FDC-42A3-9474-1A3956D46DE8}") = "Services", "Services", "{6522010A-B44E-4092-A4F9-C29021CCEDF6}"
EndProject
Project("{FAE04EC0-301F-11D3-BF4B-00C04F79EFBC}") = "Econ.Services.CouponAPI", "Services\Econ.Services.CouponAPI\Econ.Services.CouponAPI.csproj", "{D984B296-E038-4F6F-8184-89077FFB3373}"
EndProject
Project("{2150E333-8FDC-42A3-9474-1A3956D46DE8}") = "Clients", "Clients", "{B8D84663-AC8B-483B-9F56-77EB7896B350}"
EndProject
Project("{FAE04EC0-301F-11D3-BF4B-00C04F79EFBC}") = "Econ.Web", "Clients\Econ.Web\Econ.Web.csproj", "{9053EC79-8569-4EB7-8E05-31F8007C8527}"
EndProject
Project("{FAE04EC0-301F-11D3-BF4B-00C04F79EFBC}") = "Econ.Services.AuthAPI", "Services\Econ.Services.AuthAPI\Econ.Services.AuthAPI.csproj", "{4B076362-A710-49D0-B858-7C760A65223E}"
EndProject
Project("{FAE04EC0-301F-11D3-BF4B-00C04F79EFBC}") = "Econ.Services.ProductAPI", "Services\Econ.Services.ProductAPI\Econ.Services.ProductAPI.csproj", "{411FA2FC-C01E-4DE8-B4A3-3E7A35BF282D}"
EndProject
Project("{FAE04EC0-301F-11D3-BF4B-00C04F79EFBC}") = "Econ.Services.ShoppingCartAPI", "Services\Econ.Services.ShoppingCartAPI\Econ.Services.ShoppingCartAPI.csproj", "{0F9C6111-EFCE-45FB-A611-D2E577CBC6C3}"
EndProject
Project("{2150E333-8FDC-42A3-9474-1A3956D46DE8}") = "Integration", "Integration", "{CF61DBE4-426D-4272-88C1-EAAFBAA05E88}"
EndProject
Project("{FAE04EC0-301F-11D3-BF4B-00C04F79EFBC}") = "Econ.MessageBus", "Integration\Econ.MessageBus\Econ.MessageBus.csproj", "{CA581FC7-B096-45A5-99A4-212EB6A61947}"
EndProject
Project("{FAE04EC0-301F-11D3-BF4B-00C04F79EFBC}") = "Econ.Services.EmailAPI", "Services\Econ.Services.EmailAPI\Econ.Services.EmailAPI.csproj", "{CC3ED767-0C40-4A8A-AE3F-710025F0808F}"
EndProject
Project("{FAE04EC0-301F-11D3-BF4B-00C04F79EFBC}") = "Econ.Services.OrderAPI", "Services\Econ.Services.OrderAPI\Econ.Services.OrderAPI.csproj", "{4C2062A3-1A0B-4F1D-8694-6DA2605158A4}"
EndProject
Project("{FAE04EC0-301F-11D3-BF4B-00C04F79EFBC}") = "Econ.Services.RewardAPI", "Services\Econ.Services.RewardAPI\Econ.Services.RewardAPI.csproj", "{004C8FAC-1F99-4BFB-88D1-0C6C2F232327}"
EndProject
Project("{2150E333-8FDC-42A3-9474-1A3956D46DE8}") = "Gateway", "Gateway", "{0A1E9A9A-C8AC-46B0-860A-52E71D1F6FE5}"
EndProject
Project("{FAE04EC0-301F-11D3-BF4B-00C04F79EFBC}") = "Econ.Gateway", "Gateway\Econ.Gateway\Econ.Gateway.csproj", "{45628D71-DD94-458F-B42E-6ACA2CF62449}"
EndProject
Global
	GlobalSection(SolutionConfigurationPlatforms) = preSolution
		Debug|Any CPU = Debug|Any CPU
		Release|Any CPU = Release|Any CPU
	EndGlobalSection
	GlobalSection(ProjectConfigurationPlatforms) = postSolution
		{D984B296-E038-4F6F-8184-89077FFB3373}.Debug|Any CPU.ActiveCfg = Debug|Any CPU
		{D984B296-E038-4F6F-8184-89077FFB3373}.Debug|Any CPU.Build.0 = Debug|Any CPU
		{D984B296-E038-4F6F-8184-89077FFB3373}.Release|Any CPU.ActiveCfg = Release|Any CPU
		{D984B296-E038-4F6F-8184-89077FFB3373}.Release|Any CPU.Build.0 = Release|Any CPU
		{9053EC79-8569-4EB7-8E05-31F8007C8527}.Debug|Any CPU.ActiveCfg = Debug|Any CPU
		{9053EC79-8569-4EB7-8E05-31F8007C8527}.Debug|Any CPU.Build.0 = Debug|Any CPU
		{9053EC79-8569-4EB7-8E05-31F8007C8527}.Release|Any CPU.ActiveCfg = Release|Any CPU
		{9053EC79-8569-4EB7-8E05-31F8007C8527}.Release|Any CPU.Build.0 = Release|Any CPU
		{4B076362-A710-49D0-B858-7C760A65223E}.Debug|Any CPU.ActiveCfg = Debug|Any CPU
		{4B076362-A710-49D0-B858-7C760A65223E}.Debug|Any CPU.Build.0 = Debug|Any CPU
		{4B076362-A710-49D0-B858-7C760A65223E}.Release|Any CPU.ActiveCfg = Release|Any CPU
		{4B076362-A710-49D0-B858-7C760A65223E}.Release|Any CPU.Build.0 = Release|Any CPU
		{411FA2FC-C01E-4DE8-B4A3-3E7A35BF282D}.Debug|Any CPU.ActiveCfg = Debug|Any CPU
		{411FA2FC-C01E-4DE8-B4A3-3E7A35BF282D}.Debug|Any CPU.Build.0 = Debug|Any CPU
		{411FA2FC-C01E-4DE8-B4A3-3E7A35BF282D}.Release|Any CPU.ActiveCfg = Release|Any CPU
		{411FA2FC-C01E-4DE8-B4A3-3E7A35BF282D}.Release|Any CPU.Build.0 = Release|Any CPU
		{0F9C6111-EFCE-45FB-A611-D2E577CBC6C3}.Debug|Any CPU.ActiveCfg = Debug|Any CPU
		{0F9C6111-EFCE-45FB-A611-D2E577CBC6C3}.Debug|Any CPU.Build.0 = Debug|Any CPU
		{0F9C6111-EFCE-45FB-A611-D2E577CBC6C3}.Release|Any CPU.ActiveCfg = Release|Any CPU
		{0F9C6111-EFCE-45FB-A611-D2E577CBC6C3}.Release|Any CPU.Build.0 = Release|Any CPU
		{CA581FC7-B096-45A5-99A4-212EB6A61947}.Debug|Any CPU.ActiveCfg = Debug|Any CPU
		{CA581FC7-B096-45A5-99A4-212EB6A61947}.Debug|Any CPU.Build.0 = Debug|Any CPU
		{CA581FC7-B096-45A5-99A4-212EB6A61947}.Release|Any CPU.ActiveCfg = Release|Any CPU
		{CA581FC7-B096-45A5-99A4-212EB6A61947}.Release|Any CPU.Build.0 = Release|Any CPU
		{CC3ED767-0C40-4A8A-AE3F-710025F0808F}.Debug|Any CPU.ActiveCfg = Debug|Any CPU
		{CC3ED767-0C40-4A8A-AE3F-710025F0808F}.Debug|Any CPU.Build.0 = Debug|Any CPU
		{CC3ED767-0C40-4A8A-AE3F-710025F0808F}.Release|Any CPU.ActiveCfg = Release|Any CPU
		{CC3ED767-0C40-4A8A-AE3F-710025F0808F}.Release|Any CPU.Build.0 = Release|Any CPU
		{4C2062A3-1A0B-4F1D-8694-6DA2605158A4}.Debug|Any CPU.ActiveCfg = Debug|Any CPU
		{4C2062A3-1A0B-4F1D-8694-6DA2605158A4}.Debug|Any CPU.Build.0 = Debug|Any CPU
		{4C2062A3-1A0B-4F1D-8694-6DA2605158A4}.Release|Any CPU.ActiveCfg = Release|Any CPU
		{4C2062A3-1A0B-4F1D-8694-6DA2605158A4}.Release|Any CPU.Build.0 = Release|Any CPU
		{004C8FAC-1F99-4BFB-88D1-0C6C2F232327}.Debug|Any CPU.ActiveCfg = Debug|Any CPU
		{004C8FAC-1F99-4BFB-88D1-0C6C2F232327}.Debug|Any CPU.Build.0 = Debug|Any CPU
		{004C8FAC-1F99-4BFB-88D1-0C6C2F232327}.Release|Any CPU.ActiveCfg = Release|Any CPU
		{004C8FAC-1F99-4BFB-88D1-0C6C2F232327}.Release|Any CPU.Build.0 = Release|Any CPU
		{45628D71-DD94-458F-B42E-6ACA2CF62449}.Debug|Any CPU.ActiveCfg = Debug|Any CPU
		{45628D71-DD94-458F-B42E-6ACA2CF62449}.Debug|Any CPU.Build.0 = Debug|Any CPU
		{45628D71-DD94-458F-B42E-6ACA2CF62449}.Release|Any CPU.ActiveCfg = Release|Any CPU
		{45628D71-DD94-458F-B42E-6ACA2CF62449}.Release|Any CPU.Build.0 = Release|Any CPU
	EndGlobalSection
	GlobalSection(SolutionProperties) = preSolution
		HideSolutionNode = FALSE
	EndGlobalSection
	GlobalSection(NestedProjects) = preSolution
		{D984B296-E038-4F6F-8184-89077FFB3373} = {6522010A-B44E-4092-A4F9-C29021CCEDF6}
		{9053EC79-8569-4EB7-8E05-31F8007C8527} = {B8D84663-AC8B-483B-9F56-77EB7896B350}
		{4B076362-A710-49D0-B858-7C760A65223E} = {6522010A-B44E-4092-A4F9-C29021CCEDF6}
		{411FA2FC-C01E-4DE8-B4A3-3E7A35BF282D} = {6522010A-B44E-4092-A4F9-C29021CCEDF6}
		{0F9C6111-EFCE-45FB-A611-D2E577CBC6C3} = {6522010A-B44E-4092-A4F9-C29021CCEDF6}
		{CA581FC7-B096-45A5-99A4-212EB6A61947} = {CF61DBE4-426D-4272-88C1-EAAFBAA05E88}
		{CC3ED767-0C40-4A8A-AE3F-710025F0808F} = {6522010A-B44E-4092-A4F9-C29021CCEDF6}
		{4C2062A3-1A0B-4F1D-8694-6DA2605158A4} = {6522010A-B44E-4092-A4F9-C29021CCEDF6}
		{004C8FAC-1F99-4BFB-88D1-0C6C2F232327} = {6522010A-B44E-4092-A4F9-C29021CCEDF6}
		{45628D71-DD94-458F-B42E-6ACA2CF62449} = {0A1E9A9A-C8AC-46B0-860A-52E71D1F6FE5}
	EndGlobalSection
EndGlobal
